// !$*UTF8*$!
{
	archiveVersion = 1;
	classes = {
	};
	objectVersion = 46;
	objects = {

/* Begin PBXBuildFile section */
		1F08D0FE18E624DE00276CD4 /* TableViewController.m in Sources */ = {isa = PBXBuildFile; fileRef = 1F08D0FD18E624DE00276CD4 /* TableViewController.m */; };
		1F24BAC318AF3C58000A920F /* image.jpg in Resources */ = {isa = PBXBuildFile; fileRef = 1F24BAC218AF3C58000A920F /* image.jpg */; };
		1F24BAC518AF4481000A920F /* purple-earth.jpg in Resources */ = {isa = PBXBuildFile; fileRef = 1F24BAC418AF4481000A920F /* purple-earth.jpg */; };
		1F24BAC918AF4638000A920F /* purple.jpg in Resources */ = {isa = PBXBuildFile; fileRef = 1F24BAC818AF4638000A920F /* purple.jpg */; };
		1F24BACD18AF48EB000A920F /* pur.jpg in Resources */ = {isa = PBXBuildFile; fileRef = 1F24BACC18AF48EB000A920F /* pur.jpg */; };
		1F504F9318E93EA400FE3A72 /* DetailsViewController.m in Sources */ = {isa = PBXBuildFile; fileRef = 1F504F9218E93EA300FE3A72 /* DetailsViewController.m */; };
		1F504F9618E96E5000FE3A72 /* FavoriteController.m in Sources */ = {isa = PBXBuildFile; fileRef = 1F504F9518E96E5000FE3A72 /* FavoriteController.m */; };
		1F504F9918E972C400FE3A72 /* MapDataModel.xcdatamodeld in Sources */ = {isa = PBXBuildFile; fileRef = 1F504F9718E972C400FE3A72 /* MapDataModel.xcdatamodeld */; };
		1F504F9C18E98DD400FE3A72 /* greyButton.png in Resources */ = {isa = PBXBuildFile; fileRef = 1F504F9B18E98DD400FE3A72 /* greyButton.png */; };
		1F504F9E18E98DEF00FE3A72 /* yellowButton.png in Resources */ = {isa = PBXBuildFile; fileRef = 1F504F9D18E98DEF00FE3A72 /* yellowButton.png */; };
		1FA75E7E18E9B64B00D0520B /* MapDataModel.m in Sources */ = {isa = PBXBuildFile; fileRef = 1FA75E7D18E9B64B00D0520B /* MapDataModel.m */; };
		1FB6922018EFBDC700059FBF /* FavouriteDetailViewController.m in Sources */ = {isa = PBXBuildFile; fileRef = 1FB6921F18EFBDC700059FBF /* FavouriteDetailViewController.m */; };
		1FB6922218EFEBB000059FBF /* no-photo.jpg in Resources */ = {isa = PBXBuildFile; fileRef = 1FB6922118EFEBB000059FBF /* no-photo.jpg */; };
		1FB6922418EFF7E600059FBF /* no-photo-s.jpg in Resources */ = {isa = PBXBuildFile; fileRef = 1FB6922318EFF7E600059FBF /* no-photo-s.jpg */; };
		1FB6922618F0206400059FBF /* gold-globe-move.gif in Resources */ = {isa = PBXBuildFile; fileRef = 1FB6922518F0206400059FBF /* gold-globe-move.gif */; };
		1FBA187218AC591600D0DA13 /* MapKit.framework in Frameworks */ = {isa = PBXBuildFile; fileRef = 1FBA187118AC591600D0DA13 /* MapKit.framework */; };
		1FBA187518AC7BD400D0DA13 /* COMSMapViewController.m in Sources */ = {isa = PBXBuildFile; fileRef = 1FBA187418AC7BD400D0DA13 /* COMSMapViewController.m */; };
		1FE4E8FC18B18E040056DB87 /* goldearth.jpg in Resources */ = {isa = PBXBuildFile; fileRef = 1FE4E8FB18B18E040056DB87 /* goldearth.jpg */; };
		1FE4E8FE18B191190056DB87 /* golde.png in Resources */ = {isa = PBXBuildFile; fileRef = 1FE4E8FD18B191190056DB87 /* golde.png */; };
		1FE4E90018B193CD0056DB87 /* bluee.png in Resources */ = {isa = PBXBuildFile; fileRef = 1FE4E8FF18B193CD0056DB87 /* bluee.png */; };
		1FE4E90218B1A14F0056DB87 /* covere.jpg in Resources */ = {isa = PBXBuildFile; fileRef = 1FE4E90118B1A14F0056DB87 /* covere.jpg */; };
		1FE4E90818B1AC1E0056DB87 /* COMSMapManager.framework in Frameworks */ = {isa = PBXBuildFile; fileRef = 1FF1ECA918A97A2800AE41E1 /* COMSMapManager.framework */; };
		EE32D1E3189C678C00E2DEA5 /* Foundation.framework in Frameworks */ = {isa = PBXBuildFile; fileRef = EE32D1E2189C678C00E2DEA5 /* Foundation.framework */; };
		EE32D1E5189C678C00E2DEA5 /* CoreGraphics.framework in Frameworks */ = {isa = PBXBuildFile; fileRef = EE32D1E4189C678C00E2DEA5 /* CoreGraphics.framework */; };
		EE32D1E9189C678C00E2DEA5 /* CoreData.framework in Frameworks */ = {isa = PBXBuildFile; fileRef = EE32D1E8189C678C00E2DEA5 /* CoreData.framework */; settings = {ATTRIBUTES = (Required, ); }; };
		EE32D1EF189C678C00E2DEA5 /* InfoPlist.strings in Resources */ = {isa = PBXBuildFile; fileRef = EE32D1ED189C678C00E2DEA5 /* InfoPlist.strings */; };
		EE32D1F1189C678C00E2DEA5 /* main.m in Sources */ = {isa = PBXBuildFile; fileRef = EE32D1F0189C678C00E2DEA5 /* main.m */; };
		EE32D1F5189C678C00E2DEA5 /* COMSAppDelegate.m in Sources */ = {isa = PBXBuildFile; fileRef = EE32D1F4189C678C00E2DEA5 /* COMSAppDelegate.m */; };
		EE32D1F8189C678C00E2DEA5 /* Main.storyboard in Resources */ = {isa = PBXBuildFile; fileRef = EE32D1F6189C678C00E2DEA5 /* Main.storyboard */; };
		EE32D1FB189C678C00E2DEA5 /* ClassTest.xcdatamodeld in Sources */ = {isa = PBXBuildFile; fileRef = EE32D1F9189C678C00E2DEA5 /* ClassTest.xcdatamodeld */; };
		EE32D203189C678C00E2DEA5 /* Images.xcassets in Resources */ = {isa = PBXBuildFile; fileRef = EE32D202189C678C00E2DEA5 /* Images.xcassets */; };
		EE32D20A189C678C00E2DEA5 /* XCTest.framework in Frameworks */ = {isa = PBXBuildFile; fileRef = EE32D209189C678C00E2DEA5 /* XCTest.framework */; };
		EE32D20B189C678C00E2DEA5 /* Foundation.framework in Frameworks */ = {isa = PBXBuildFile; fileRef = EE32D1E2189C678C00E2DEA5 /* Foundation.framework */; };
		EE32D20C189C678C00E2DEA5 /* UIKit.framework in Frameworks */ = {isa = PBXBuildFile; fileRef = EE32D1E6189C678C00E2DEA5 /* UIKit.framework */; };
		EE32D20D189C678C00E2DEA5 /* CoreData.framework in Frameworks */ = {isa = PBXBuildFile; fileRef = EE32D1E8189C678C00E2DEA5 /* CoreData.framework */; };
		EE32D215189C678C00E2DEA5 /* InfoPlist.strings in Resources */ = {isa = PBXBuildFile; fileRef = EE32D213189C678C00E2DEA5 /* InfoPlist.strings */; };
		EE32D217189C678C00E2DEA5 /* ClassTestTests.m in Sources */ = {isa = PBXBuildFile; fileRef = EE32D216189C678C00E2DEA5 /* ClassTestTests.m */; };
		EE32D228189C778B00E2DEA5 /* COMSBaseViewController.m in Sources */ = {isa = PBXBuildFile; fileRef = EE32D227189C778B00E2DEA5 /* COMSBaseViewController.m */; };
		EE32D22B189C7B0400E2DEA5 /* UIKit.framework in Frameworks */ = {isa = PBXBuildFile; fileRef = EE32D1E6189C678C00E2DEA5 /* UIKit.framework */; };
/* End PBXBuildFile section */

/* Begin PBXContainerItemProxy section */
		EE32D20E189C678C00E2DEA5 /* PBXContainerItemProxy */ = {
			isa = PBXContainerItemProxy;
			containerPortal = EE32D1D7189C678C00E2DEA5 /* Project object */;
			proxyType = 1;
			remoteGlobalIDString = EE32D1DE189C678C00E2DEA5;
			remoteInfo = ClassTest;
		};
/* End PBXContainerItemProxy section */

/* Begin PBXFileReference section */
		1F08D0FC18E624DE00276CD4 /* TableViewController.h */ = {isa = PBXFileReference; fileEncoding = 4; lastKnownFileType = sourcecode.c.h; path = TableViewController.h; sourceTree = "<group>"; };
		1F08D0FD18E624DE00276CD4 /* TableViewController.m */ = {isa = PBXFileReference; fileEncoding = 4; lastKnownFileType = sourcecode.c.objc; path = TableViewController.m; sourceTree = "<group>"; };
		1F24BAC218AF3C58000A920F /* image.jpg */ = {isa = PBXFileReference; lastKnownFileType = image.jpeg; path = image.jpg; sourceTree = "<group>"; };
		1F24BAC418AF4481000A920F /* purple-earth.jpg */ = {isa = PBXFileReference; lastKnownFileType = image.jpeg; path = "purple-earth.jpg"; sourceTree = "<group>"; };
		1F24BAC818AF4638000A920F /* purple.jpg */ = {isa = PBXFileReference; lastKnownFileType = image.jpeg; path = purple.jpg; sourceTree = "<group>"; };
		1F24BACC18AF48EB000A920F /* pur.jpg */ = {isa = PBXFileReference; lastKnownFileType = image.jpeg; path = pur.jpg; sourceTree = "<group>"; };
		1F504F9118E93EA300FE3A72 /* DetailsViewController.h */ = {isa = PBXFileReference; fileEncoding = 4; lastKnownFileType = sourcecode.c.h; path = DetailsViewController.h; sourceTree = "<group>"; };
		1F504F9218E93EA300FE3A72 /* DetailsViewController.m */ = {isa = PBXFileReference; fileEncoding = 4; lastKnownFileType = sourcecode.c.objc; path = DetailsViewController.m; sourceTree = "<group>"; };
		1F504F9418E96E5000FE3A72 /* FavoriteController.h */ = {isa = PBXFileReference; fileEncoding = 4; lastKnownFileType = sourcecode.c.h; path = FavoriteController.h; sourceTree = "<group>"; };
		1F504F9518E96E5000FE3A72 /* FavoriteController.m */ = {isa = PBXFileReference; fileEncoding = 4; lastKnownFileType = sourcecode.c.objc; path = FavoriteController.m; sourceTree = "<group>"; };
		1F504F9818E972C400FE3A72 /* MapDataModel.xcdatamodel */ = {isa = PBXFileReference; lastKnownFileType = wrapper.xcdatamodel; path = MapDataModel.xcdatamodel; sourceTree = "<group>"; };
		1F504F9B18E98DD400FE3A72 /* greyButton.png */ = {isa = PBXFileReference; lastKnownFileType = image.png; path = greyButton.png; sourceTree = "<group>"; };
		1F504F9D18E98DEF00FE3A72 /* yellowButton.png */ = {isa = PBXFileReference; lastKnownFileType = image.png; path = yellowButton.png; sourceTree = "<group>"; };
		1FA75E7C18E9B64B00D0520B /* MapDataModel.h */ = {isa = PBXFileReference; fileEncoding = 4; lastKnownFileType = sourcecode.c.h; path = MapDataModel.h; sourceTree = "<group>"; };
		1FA75E7D18E9B64B00D0520B /* MapDataModel.m */ = {isa = PBXFileReference; fileEncoding = 4; lastKnownFileType = sourcecode.c.objc; path = MapDataModel.m; sourceTree = "<group>"; };
		1FB6921E18EFBDC700059FBF /* FavouriteDetailViewController.h */ = {isa = PBXFileReference; fileEncoding = 4; lastKnownFileType = sourcecode.c.h; path = FavouriteDetailViewController.h; sourceTree = "<group>"; };
		1FB6921F18EFBDC700059FBF /* FavouriteDetailViewController.m */ = {isa = PBXFileReference; fileEncoding = 4; lastKnownFileType = sourcecode.c.objc; path = FavouriteDetailViewController.m; sourceTree = "<group>"; };
		1FB6922118EFEBB000059FBF /* no-photo.jpg */ = {isa = PBXFileReference; lastKnownFileType = image.jpeg; path = "no-photo.jpg"; sourceTree = "<group>"; };
		1FB6922318EFF7E600059FBF /* no-photo-s.jpg */ = {isa = PBXFileReference; lastKnownFileType = image.jpeg; path = "no-photo-s.jpg"; sourceTree = "<group>"; };
		1FB6922518F0206400059FBF /* gold-globe-move.gif */ = {isa = PBXFileReference; lastKnownFileType = image.gif; path = "gold-globe-move.gif"; sourceTree = "<group>"; };
		1FBA187118AC591600D0DA13 /* MapKit.framework */ = {isa = PBXFileReference; lastKnownFileType = wrapper.framework; name = MapKit.framework; path = System/Library/Frameworks/MapKit.framework; sourceTree = SDKROOT; };
		1FBA187318AC7BD400D0DA13 /* COMSMapViewController.h */ = {isa = PBXFileReference; fileEncoding = 4; lastKnownFileType = sourcecode.c.h; name = COMSMapViewController.h; path = ../COMSMapViewController.h; sourceTree = "<group>"; };
		1FBA187418AC7BD400D0DA13 /* COMSMapViewController.m */ = {isa = PBXFileReference; fileEncoding = 4; lastKnownFileType = sourcecode.c.objc; name = COMSMapViewController.m; path = ../COMSMapViewController.m; sourceTree = "<group>"; };
		1FE4E8FB18B18E040056DB87 /* goldearth.jpg */ = {isa = PBXFileReference; lastKnownFileType = image.jpeg; path = goldearth.jpg; sourceTree = "<group>"; };
		1FE4E8FD18B191190056DB87 /* golde.png */ = {isa = PBXFileReference; lastKnownFileType = image.png; path = golde.png; sourceTree = "<group>"; };
		1FE4E8FF18B193CD0056DB87 /* bluee.png */ = {isa = PBXFileReference; lastKnownFileType = image.png; path = bluee.png; sourceTree = "<group>"; };
		1FE4E90118B1A14F0056DB87 /* covere.jpg */ = {isa = PBXFileReference; lastKnownFileType = image.jpeg; path = covere.jpg; sourceTree = "<group>"; };
		1FF1ECA918A97A2800AE41E1 /* COMSMapManager.framework */ = {isa = PBXFileReference; lastKnownFileType = wrapper.framework; path = COMSMapManager.framework; sourceTree = "<group>"; };
		EE32D1DF189C678C00E2DEA5 /* MyMapSearch.app */ = {isa = PBXFileReference; explicitFileType = wrapper.application; includeInIndex = 0; path = MyMapSearch.app; sourceTree = BUILT_PRODUCTS_DIR; };
		EE32D1E2189C678C00E2DEA5 /* Foundation.framework */ = {isa = PBXFileReference; lastKnownFileType = wrapper.framework; name = Foundation.framework; path = System/Library/Frameworks/Foundation.framework; sourceTree = SDKROOT; };
		EE32D1E4189C678C00E2DEA5 /* CoreGraphics.framework */ = {isa = PBXFileReference; lastKnownFileType = wrapper.framework; name = CoreGraphics.framework; path = System/Library/Frameworks/CoreGraphics.framework; sourceTree = SDKROOT; };
		EE32D1E6189C678C00E2DEA5 /* UIKit.framework */ = {isa = PBXFileReference; lastKnownFileType = wrapper.framework; name = UIKit.framework; path = System/Library/Frameworks/UIKit.framework; sourceTree = SDKROOT; };
		EE32D1E8189C678C00E2DEA5 /* CoreData.framework */ = {isa = PBXFileReference; lastKnownFileType = wrapper.framework; name = CoreData.framework; path = System/Library/Frameworks/CoreData.framework; sourceTree = SDKROOT; };
		EE32D1EC189C678C00E2DEA5 /* MyMapSearch-Info.plist */ = {isa = PBXFileReference; lastKnownFileType = text.plist.xml; path = "MyMapSearch-Info.plist"; sourceTree = "<group>"; };
		EE32D1EE189C678C00E2DEA5 /* en */ = {isa = PBXFileReference; lastKnownFileType = text.plist.strings; name = en; path = en.lproj/InfoPlist.strings; sourceTree = "<group>"; };
		EE32D1F0189C678C00E2DEA5 /* main.m */ = {isa = PBXFileReference; lastKnownFileType = sourcecode.c.objc; path = main.m; sourceTree = "<group>"; };
		EE32D1F2189C678C00E2DEA5 /* MyMapSearch-Prefix.pch */ = {isa = PBXFileReference; lastKnownFileType = sourcecode.c.h; path = "MyMapSearch-Prefix.pch"; sourceTree = "<group>"; };
		EE32D1F3189C678C00E2DEA5 /* COMSAppDelegate.h */ = {isa = PBXFileReference; lastKnownFileType = sourcecode.c.h; path = COMSAppDelegate.h; sourceTree = "<group>"; };
		EE32D1F4189C678C00E2DEA5 /* COMSAppDelegate.m */ = {isa = PBXFileReference; lastKnownFileType = sourcecode.c.objc; path = COMSAppDelegate.m; sourceTree = "<group>"; };
		EE32D1F7189C678C00E2DEA5 /* Base */ = {isa = PBXFileReference; lastKnownFileType = file.storyboard; name = Base; path = Base.lproj/Main.storyboard; sourceTree = "<group>"; };
		EE32D1FA189C678C00E2DEA5 /* ClassTest.xcdatamodel */ = {isa = PBXFileReference; lastKnownFileType = wrapper.xcdatamodel; path = ClassTest.xcdatamodel; sourceTree = "<group>"; };
		EE32D202189C678C00E2DEA5 /* Images.xcassets */ = {isa = PBXFileReference; lastKnownFileType = folder.assetcatalog; path = Images.xcassets; sourceTree = "<group>"; };
		EE32D208189C678C00E2DEA5 /* MyMapSearchTests.xctest */ = {isa = PBXFileReference; explicitFileType = wrapper.cfbundle; includeInIndex = 0; path = MyMapSearchTests.xctest; sourceTree = BUILT_PRODUCTS_DIR; };
		EE32D209189C678C00E2DEA5 /* XCTest.framework */ = {isa = PBXFileReference; lastKnownFileType = wrapper.framework; name = XCTest.framework; path = Library/Frameworks/XCTest.framework; sourceTree = DEVELOPER_DIR; };
		EE32D212189C678C00E2DEA5 /* MyMapSearchTests-Info.plist */ = {isa = PBXFileReference; lastKnownFileType = text.plist.xml; path = "MyMapSearchTests-Info.plist"; sourceTree = "<group>"; };
		EE32D214189C678C00E2DEA5 /* en */ = {isa = PBXFileReference; lastKnownFileType = text.plist.strings; name = en; path = en.lproj/InfoPlist.strings; sourceTree = "<group>"; };
		EE32D216189C678C00E2DEA5 /* ClassTestTests.m */ = {isa = PBXFileReference; lastKnownFileType = sourcecode.c.objc; path = ClassTestTests.m; sourceTree = "<group>"; };
		EE32D226189C778B00E2DEA5 /* COMSBaseViewController.h */ = {isa = PBXFileReference; fileEncoding = 4; lastKnownFileType = sourcecode.c.h; path = COMSBaseViewController.h; sourceTree = "<group>"; };
		EE32D227189C778B00E2DEA5 /* COMSBaseViewController.m */ = {isa = PBXFileReference; fileEncoding = 4; lastKnownFileType = sourcecode.c.objc; path = COMSBaseViewController.m; sourceTree = "<group>"; };
/* End PBXFileReference section */

/* Begin PBXFrameworksBuildPhase section */
		EE32D1DC189C678C00E2DEA5 /* Frameworks */ = {
			isa = PBXFrameworksBuildPhase;
			buildActionMask = 2147483647;
			files = (
				1FE4E90818B1AC1E0056DB87 /* COMSMapManager.framework in Frameworks */,
				1FBA187218AC591600D0DA13 /* MapKit.framework in Frameworks */,
				EE32D22B189C7B0400E2DEA5 /* UIKit.framework in Frameworks */,
				EE32D1E5189C678C00E2DEA5 /* CoreGraphics.framework in Frameworks */,
				EE32D1E9189C678C00E2DEA5 /* CoreData.framework in Frameworks */,
				EE32D1E3189C678C00E2DEA5 /* Foundation.framework in Frameworks */,
			);
			runOnlyForDeploymentPostprocessing = 0;
		};
		EE32D205189C678C00E2DEA5 /* Frameworks */ = {
			isa = PBXFrameworksBuildPhase;
			buildActionMask = 2147483647;
			files = (
				EE32D20A189C678C00E2DEA5 /* XCTest.framework in Frameworks */,
				EE32D20D189C678C00E2DEA5 /* CoreData.framework in Frameworks */,
				EE32D20C189C678C00E2DEA5 /* UIKit.framework in Frameworks */,
				EE32D20B189C678C00E2DEA5 /* Foundation.framework in Frameworks */,
			);
			runOnlyForDeploymentPostprocessing = 0;
		};
/* End PBXFrameworksBuildPhase section */

/* Begin PBXGroup section */
		EE32D1D6189C678C00E2DEA5 = {
			isa = PBXGroup;
			children = (
				EE32D1EA189C678C00E2DEA5 /* MyMapSearch */,
				EE32D210189C678C00E2DEA5 /* MyMapSearchTests */,
				EE32D1E1189C678C00E2DEA5 /* Frameworks */,
				EE32D1E0189C678C00E2DEA5 /* Products */,
			);
			sourceTree = "<group>";
		};
		EE32D1E0189C678C00E2DEA5 /* Products */ = {
			isa = PBXGroup;
			children = (
				EE32D1DF189C678C00E2DEA5 /* MyMapSearch.app */,
				EE32D208189C678C00E2DEA5 /* MyMapSearchTests.xctest */,
			);
			name = Products;
			sourceTree = "<group>";
		};
		EE32D1E1189C678C00E2DEA5 /* Frameworks */ = {
			isa = PBXGroup;
			children = (
				1FBA187118AC591600D0DA13 /* MapKit.framework */,
				1FF1ECA918A97A2800AE41E1 /* COMSMapManager.framework */,
				EE32D1E2189C678C00E2DEA5 /* Foundation.framework */,
				EE32D1E4189C678C00E2DEA5 /* CoreGraphics.framework */,
				EE32D1E6189C678C00E2DEA5 /* UIKit.framework */,
				EE32D1E8189C678C00E2DEA5 /* CoreData.framework */,
				EE32D209189C678C00E2DEA5 /* XCTest.framework */,
			);
			name = Frameworks;
			sourceTree = "<group>";
		};
		EE32D1EA189C678C00E2DEA5 /* MyMapSearch */ = {
			isa = PBXGroup;
			children = (
				1FBA187318AC7BD400D0DA13 /* COMSMapViewController.h */,
				1FBA187418AC7BD400D0DA13 /* COMSMapViewController.m */,
				EE32D1F3189C678C00E2DEA5 /* COMSAppDelegate.h */,
				EE32D1F4189C678C00E2DEA5 /* COMSAppDelegate.m */,
				EE32D1F6189C678C00E2DEA5 /* Main.storyboard */,
				1F08D0FC18E624DE00276CD4 /* TableViewController.h */,
				1F08D0FD18E624DE00276CD4 /* TableViewController.m */,
				EE32D202189C678C00E2DEA5 /* Images.xcassets */,
				EE32D1F9189C678C00E2DEA5 /* ClassTest.xcdatamodeld */,
				EE32D226189C778B00E2DEA5 /* COMSBaseViewController.h */,
				EE32D227189C778B00E2DEA5 /* COMSBaseViewController.m */,
				1F504F9118E93EA300FE3A72 /* DetailsViewController.h */,
				1F504F9218E93EA300FE3A72 /* DetailsViewController.m */,
				1F504F9418E96E5000FE3A72 /* FavoriteController.h */,
				1F504F9518E96E5000FE3A72 /* FavoriteController.m */,
				1F504F9718E972C400FE3A72 /* MapDataModel.xcdatamodeld */,
				1FA75E7C18E9B64B00D0520B /* MapDataModel.h */,
				1FA75E7D18E9B64B00D0520B /* MapDataModel.m */,
				1FB6921E18EFBDC700059FBF /* FavouriteDetailViewController.h */,
				1FB6921F18EFBDC700059FBF /* FavouriteDetailViewController.m */,
				EE32D1EB189C678C00E2DEA5 /* Supporting Files */,
			);
			name = MyMapSearch;
			path = ClassTest;
			sourceTree = "<group>";
		};
		EE32D1EB189C678C00E2DEA5 /* Supporting Files */ = {
			isa = PBXGroup;
			children = (
				1FB6922518F0206400059FBF /* gold-globe-move.gif */,
				1F504F9D18E98DEF00FE3A72 /* yellowButton.png */,
				1FB6922118EFEBB000059FBF /* no-photo.jpg */,
				1F504F9B18E98DD400FE3A72 /* greyButton.png */,
				1FB6922318EFF7E600059FBF /* no-photo-s.jpg */,
				1FE4E90118B1A14F0056DB87 /* covere.jpg */,
				1FE4E8FF18B193CD0056DB87 /* bluee.png */,
				1FE4E8FD18B191190056DB87 /* golde.png */,
				1FE4E8FB18B18E040056DB87 /* goldearth.jpg */,
				1F24BAC818AF4638000A920F /* purple.jpg */,
				1F24BAC418AF4481000A920F /* purple-earth.jpg */,
				1F24BACC18AF48EB000A920F /* pur.jpg */,
				1F24BAC218AF3C58000A920F /* image.jpg */,
				EE32D1EC189C678C00E2DEA5 /* MyMapSearch-Info.plist */,
				EE32D1ED189C678C00E2DEA5 /* InfoPlist.strings */,
				EE32D1F0189C678C00E2DEA5 /* main.m */,
				EE32D1F2189C678C00E2DEA5 /* MyMapSearch-Prefix.pch */,
			);
			name = "Supporting Files";
			sourceTree = "<group>";
		};
		EE32D210189C678C00E2DEA5 /* MyMapSearchTests */ = {
			isa = PBXGroup;
			children = (
				EE32D216189C678C00E2DEA5 /* ClassTestTests.m */,
				EE32D211189C678C00E2DEA5 /* Supporting Files */,
			);
			name = MyMapSearchTests;
			path = ClassTestTests;
			sourceTree = "<group>";
		};
		EE32D211189C678C00E2DEA5 /* Supporting Files */ = {
			isa = PBXGroup;
			children = (
				EE32D212189C678C00E2DEA5 /* MyMapSearchTests-Info.plist */,
				EE32D213189C678C00E2DEA5 /* InfoPlist.strings */,
			);
			name = "Supporting Files";
			sourceTree = "<group>";
		};
/* End PBXGroup section */

/* Begin PBXNativeTarget section */
		EE32D1DE189C678C00E2DEA5 /* MyMapSearch */ = {
			isa = PBXNativeTarget;
			buildConfigurationList = EE32D21A189C678C00E2DEA5 /* Build configuration list for PBXNativeTarget "MyMapSearch" */;
			buildPhases = (
				EE32D1DB189C678C00E2DEA5 /* Sources */,
				EE32D1DC189C678C00E2DEA5 /* Frameworks */,
				EE32D1DD189C678C00E2DEA5 /* Resources */,
			);
			buildRules = (
			);
			dependencies = (
			);
			name = MyMapSearch;
			productName = ClassTest;
			productReference = EE32D1DF189C678C00E2DEA5 /* MyMapSearch.app */;
			productType = "com.apple.product-type.application";
		};
		EE32D207189C678C00E2DEA5 /* MyMapSearchTests */ = {
			isa = PBXNativeTarget;
			buildConfigurationList = EE32D21D189C678C00E2DEA5 /* Build configuration list for PBXNativeTarget "MyMapSearchTests" */;
			buildPhases = (
				EE32D204189C678C00E2DEA5 /* Sources */,
				EE32D205189C678C00E2DEA5 /* Frameworks */,
				EE32D206189C678C00E2DEA5 /* Resources */,
			);
			buildRules = (
			);
			dependencies = (
				EE32D20F189C678C00E2DEA5 /* PBXTargetDependency */,
			);
			name = MyMapSearchTests;
			productName = ClassTestTests;
			productReference = EE32D208189C678C00E2DEA5 /* MyMapSearchTests.xctest */;
			productType = "com.apple.product-type.bundle.unit-test";
		};
/* End PBXNativeTarget section */

/* Begin PBXProject section */
		EE32D1D7189C678C00E2DEA5 /* Project object */ = {
			isa = PBXProject;
			attributes = {
				CLASSPREFIX = COMS;
				LastUpgradeCheck = 0500;
				ORGANIZATIONNAME = COMS;
				TargetAttributes = {
					EE32D1DE189C678C00E2DEA5 = {
						DevelopmentTeam = D5G7A73C8V;
					};
					EE32D207189C678C00E2DEA5 = {
						TestTargetID = EE32D1DE189C678C00E2DEA5;
					};
				};
			};
			buildConfigurationList = EE32D1DA189C678C00E2DEA5 /* Build configuration list for PBXProject "MyMapSearch" */;
			compatibilityVersion = "Xcode 3.2";
			developmentRegion = English;
			hasScannedForEncodings = 0;
			knownRegions = (
				en,
				Base,
			);
			mainGroup = EE32D1D6189C678C00E2DEA5;
			productRefGroup = EE32D1E0189C678C00E2DEA5 /* Products */;
			projectDirPath = "";
			projectRoot = "";
			targets = (
				EE32D1DE189C678C00E2DEA5 /* MyMapSearch */,
				EE32D207189C678C00E2DEA5 /* MyMapSearchTests */,
			);
		};
/* End PBXProject section */

/* Begin PBXResourcesBuildPhase section */
		EE32D1DD189C678C00E2DEA5 /* Resources */ = {
			isa = PBXResourcesBuildPhase;
			buildActionMask = 2147483647;
			files = (
				1FB6922418EFF7E600059FBF /* no-photo-s.jpg in Resources */,
				1F24BAC518AF4481000A920F /* purple-earth.jpg in Resources */,
				1F504F9E18E98DEF00FE3A72 /* yellowButton.png in Resources */,
				1FE4E90018B193CD0056DB87 /* bluee.png in Resources */,
				1FB6922218EFEBB000059FBF /* no-photo.jpg in Resources */,
				1F24BACD18AF48EB000A920F /* pur.jpg in Resources */,
				1FE4E90218B1A14F0056DB87 /* covere.jpg in Resources */,
				1FB6922618F0206400059FBF /* gold-globe-move.gif in Resources */,
				1F504F9C18E98DD400FE3A72 /* greyButton.png in Resources */,
				1FE4E8FC18B18E040056DB87 /* goldearth.jpg in Resources */,
				1FE4E8FE18B191190056DB87 /* golde.png in Resources */,
				EE32D203189C678C00E2DEA5 /* Images.xcassets in Resources */,
				1F24BAC918AF4638000A920F /* purple.jpg in Resources */,
				EE32D1EF189C678C00E2DEA5 /* InfoPlist.strings in Resources */,
				EE32D1F8189C678C00E2DEA5 /* Main.storyboard in Resources */,
				1F24BAC318AF3C58000A920F /* image.jpg in Resources */,
			);
			runOnlyForDeploymentPostprocessing = 0;
		};
		EE32D206189C678C00E2DEA5 /* Resources */ = {
			isa = PBXResourcesBuildPhase;
			buildActionMask = 2147483647;
			files = (
				EE32D215189C678C00E2DEA5 /* InfoPlist.strings in Resources */,
			);
			runOnlyForDeploymentPostprocessing = 0;
		};
/* End PBXResourcesBuildPhase section */

/* Begin PBXSourcesBuildPhase section */
		EE32D1DB189C678C00E2DEA5 /* Sources */ = {
			isa = PBXSourcesBuildPhase;
			buildActionMask = 2147483647;
			files = (
				1F504F9918E972C400FE3A72 /* MapDataModel.xcdatamodeld in Sources */,
				EE32D1FB189C678C00E2DEA5 /* ClassTest.xcdatamodeld in Sources */,
				1F08D0FE18E624DE00276CD4 /* TableViewController.m in Sources */,
				EE32D1F5189C678C00E2DEA5 /* COMSAppDelegate.m in Sources */,
				1F504F9618E96E5000FE3A72 /* FavoriteController.m in Sources */,
				EE32D1F1189C678C00E2DEA5 /* main.m in Sources */,
				1F504F9318E93EA400FE3A72 /* DetailsViewController.m in Sources */,
				1FB6922018EFBDC700059FBF /* FavouriteDetailViewController.m in Sources */,
				EE32D228189C778B00E2DEA5 /* COMSBaseViewController.m in Sources */,
				1FA75E7E18E9B64B00D0520B /* MapDataModel.m in Sources */,
				1FBA187518AC7BD400D0DA13 /* COMSMapViewController.m in Sources */,
			);
			runOnlyForDeploymentPostprocessing = 0;
		};
		EE32D204189C678C00E2DEA5 /* Sources */ = {
			isa = PBXSourcesBuildPhase;
			buildActionMask = 2147483647;
			files = (
				EE32D217189C678C00E2DEA5 /* ClassTestTests.m in Sources */,
			);
			runOnlyForDeploymentPostprocessing = 0;
		};
/* End PBXSourcesBuildPhase section */

/* Begin PBXTargetDependency section */
		EE32D20F189C678C00E2DEA5 /* PBXTargetDependency */ = {
			isa = PBXTargetDependency;
			target = EE32D1DE189C678C00E2DEA5 /* MyMapSearch */;
			targetProxy = EE32D20E189C678C00E2DEA5 /* PBXContainerItemProxy */;
		};
/* End PBXTargetDependency section */

/* Begin PBXVariantGroup section */
		EE32D1ED189C678C00E2DEA5 /* InfoPlist.strings */ = {
			isa = PBXVariantGroup;
			children = (
				EE32D1EE189C678C00E2DEA5 /* en */,
			);
			name = InfoPlist.strings;
			sourceTree = "<group>";
		};
		EE32D1F6189C678C00E2DEA5 /* Main.storyboard */ = {
			isa = PBXVariantGroup;
			children = (
				EE32D1F7189C678C00E2DEA5 /* Base */,
			);
			name = Main.storyboard;
			sourceTree = "<group>";
		};
		EE32D213189C678C00E2DEA5 /* InfoPlist.strings */ = {
			isa = PBXVariantGroup;
			children = (
				EE32D214189C678C00E2DEA5 /* en */,
			);
			name = InfoPlist.strings;
			sourceTree = "<group>";
		};
/* End PBXVariantGroup section */

/* Begin XCBuildConfiguration section */
		EE32D218189C678C00E2DEA5 /* Debug */ = {
			isa = XCBuildConfiguration;
			buildSettings = {
				ALWAYS_SEARCH_USER_PATHS = NO;
				ARCHS = "$(ARCHS_STANDARD_INCLUDING_64_BIT)";
				CLANG_CXX_LANGUAGE_STANDARD = "gnu++0x";
				CLANG_CXX_LIBRARY = "libc++";
				CLANG_ENABLE_MODULES = YES;
				CLANG_ENABLE_OBJC_ARC = YES;
				CLANG_WARN_BOOL_CONVERSION = YES;
				CLANG_WARN_CONSTANT_CONVERSION = YES;
				CLANG_WARN_DIRECT_OBJC_ISA_USAGE = YES_ERROR;
				CLANG_WARN_EMPTY_BODY = YES;
				CLANG_WARN_ENUM_CONVERSION = YES;
				CLANG_WARN_INT_CONVERSION = YES;
				CLANG_WARN_OBJC_ROOT_CLASS = YES_ERROR;
				CLANG_WARN__DUPLICATE_METHOD_MATCH = YES;
				"CODE_SIGN_IDENTITY[sdk=iphoneos*]" = "iPhone Developer";
				COPY_PHASE_STRIP = NO;
				GCC_C_LANGUAGE_STANDARD = gnu99;
				GCC_DYNAMIC_NO_PIC = NO;
				GCC_OPTIMIZATION_LEVEL = 0;
				GCC_PREPROCESSOR_DEFINITIONS = (
					"DEBUG=1",
					"$(inherited)",
				);
				GCC_SYMBOLS_PRIVATE_EXTERN = NO;
				GCC_WARN_64_TO_32_BIT_CONVERSION = YES;
				GCC_WARN_ABOUT_RETURN_TYPE = YES_ERROR;
				GCC_WARN_UNDECLARED_SELECTOR = YES;
				GCC_WARN_UNINITIALIZED_AUTOS = YES;
				GCC_WARN_UNUSED_FUNCTION = YES;
				GCC_WARN_UNUSED_VARIABLE = YES;
				IPHONEOS_DEPLOYMENT_TARGET = 7.0;
				ONLY_ACTIVE_ARCH = YES;
				SDKROOT = iphoneos;
			};
			name = Debug;
		};
		EE32D219189C678C00E2DEA5 /* Release */ = {
			isa = XCBuildConfiguration;
			buildSettings = {
				ALWAYS_SEARCH_USER_PATHS = NO;
				ARCHS = "$(ARCHS_STANDARD_INCLUDING_64_BIT)";
				CLANG_CXX_LANGUAGE_STANDARD = "gnu++0x";
				CLANG_CXX_LIBRARY = "libc++";
				CLANG_ENABLE_MODULES = YES;
				CLANG_ENABLE_OBJC_ARC = YES;
				CLANG_WARN_BOOL_CONVERSION = YES;
				CLANG_WARN_CONSTANT_CONVERSION = YES;
				CLANG_WARN_DIRECT_OBJC_ISA_USAGE = YES_ERROR;
				CLANG_WARN_EMPTY_BODY = YES;
				CLANG_WARN_ENUM_CONVERSION = YES;
				CLANG_WARN_INT_CONVERSION = YES;
				CLANG_WARN_OBJC_ROOT_CLASS = YES_ERROR;
				CLANG_WARN__DUPLICATE_METHOD_MATCH = YES;
				"CODE_SIGN_IDENTITY[sdk=iphoneos*]" = "iPhone Developer";
				COPY_PHASE_STRIP = YES;
				ENABLE_NS_ASSERTIONS = NO;
				GCC_C_LANGUAGE_STANDARD = gnu99;
				GCC_WARN_64_TO_32_BIT_CONVERSION = YES;
				GCC_WARN_ABOUT_RETURN_TYPE = YES_ERROR;
				GCC_WARN_UNDECLARED_SELECTOR = YES;
				GCC_WARN_UNINITIALIZED_AUTOS = YES;
				GCC_WARN_UNUSED_FUNCTION = YES;
				GCC_WARN_UNUSED_VARIABLE = YES;
				IPHONEOS_DEPLOYMENT_TARGET = 7.0;
				SDKROOT = iphoneos;
				VALIDATE_PRODUCT = YES;
			};
			name = Release;
		};
		EE32D21B189C678C00E2DEA5 /* Debug */ = {
			isa = XCBuildConfiguration;
			buildSettings = {
				ASSETCATALOG_COMPILER_APPICON_NAME = AppIcon;
				ASSETCATALOG_COMPILER_LAUNCHIMAGE_NAME = LaunchImage;
				CODE_SIGN_IDENTITY = "iPhone Developer";
				"CODE_SIGN_IDENTITY[sdk=iphoneos*]" = "iPhone Developer";
				FRAMEWORK_SEARCH_PATHS = (
					"./**",
					"$(inherited)",
				);
				GCC_PRECOMPILE_PREFIX_HEADER = YES;
				GCC_PREFIX_HEADER = "ClassTest/MyMapSearch-Prefix.pch";
				INFOPLIST_FILE = "ClassTest/MyMapSearch-Info.plist";
				PRODUCT_NAME = MyMapSearch;
				PROVISIONING_PROFILE = "";
				WRAPPER_EXTENSION = app;
			};
			name = Debug;
		};
		EE32D21C189C678C00E2DEA5 /* Release */ = {
			isa = XCBuildConfiguration;
			buildSettings = {
				ASSETCATALOG_COMPILER_APPICON_NAME = AppIcon;
				ASSETCATALOG_COMPILER_LAUNCHIMAGE_NAME = LaunchImage;
				CODE_SIGN_IDENTITY = "iPhone Developer";
				"CODE_SIGN_IDENTITY[sdk=iphoneos*]" = "iPhone Developer";
				FRAMEWORK_SEARCH_PATHS = (
					"./**",
					"$(inherited)",
				);
				GCC_PRECOMPILE_PREFIX_HEADER = YES;
				GCC_PREFIX_HEADER = "ClassTest/MyMapSearch-Prefix.pch";
				INFOPLIST_FILE = "ClassTest/MyMapSearch-Info.plist";
				PRODUCT_NAME = MyMapSearch;
				PROVISIONING_PROFILE = "";
				WRAPPER_EXTENSION = app;
			};
			name = Release;
		};
		EE32D21E189C678C00E2DEA5 /* Debug */ = {
			isa = XCBuildConfiguration;
			buildSettings = {
				ARCHS = "$(ARCHS_STANDARD_INCLUDING_64_BIT)";
				BUNDLE_LOADER = "$(BUILT_PRODUCTS_DIR)/ClassTest.app/ClassTest";
				FRAMEWORK_SEARCH_PATHS = (
					"$(SDKROOT)/Developer/Library/Frameworks",
					"$(inherited)",
					"$(DEVELOPER_FRAMEWORKS_DIR)",
				);
				GCC_PRECOMPILE_PREFIX_HEADER = YES;
				GCC_PREFIX_HEADER = "ClassTest/ClassTest-Prefix.pch";
				GCC_PREPROCESSOR_DEFINITIONS = (
					"DEBUG=1",
					"$(inherited)",
				);
				INFOPLIST_FILE = "ClassTestTests/MyMapSearchTests-Info.plist";
				PRODUCT_NAME = MyMapSearchTests;
				TEST_HOST = "$(BUNDLE_LOADER)";
				WRAPPER_EXTENSION = xctest;
			};
			name = Debug;
		};
		EE32D21F189C678C00E2DEA5 /* Release */ = {
			isa = XCBuildConfiguration;
			buildSettings = {
				ARCHS = "$(ARCHS_STANDARD_INCLUDING_64_BIT)";
				BUNDLE_LOADER = "$(BUILT_PRODUCTS_DIR)/ClassTest.app/ClassTest";
				FRAMEWORK_SEARCH_PATHS = (
					"$(SDKROOT)/Developer/Library/Frameworks",
					"$(inherited)",
					"$(DEVELOPER_FRAMEWORKS_DIR)",
				);
				GCC_PRECOMPILE_PREFIX_HEADER = YES;
				GCC_PREFIX_HEADER = "ClassTest/ClassTest-Prefix.pch";
				INFOPLIST_FILE = "ClassTestTests/MyMapSearchTests-Info.plist";
				PRODUCT_NAME = MyMapSearchTests;
				TEST_HOST = "$(BUNDLE_LOADER)";
				WRAPPER_EXTENSION = xctest;
			};
			name = Release;
		};
/* End XCBuildConfiguration section */

/* Begin XCConfigurationList section */
		EE32D1DA189C678C00E2DEA5 /* Build configuration list for PBXProject "MyMapSearch" */ = {
			isa = XCConfigurationList;
			buildConfigurations = (
				EE32D218189C678C00E2DEA5 /* Debug */,
				EE32D219189C678C00E2DEA5 /* Release */,
			);
			defaultConfigurationIsVisible = 0;
			defaultConfigurationName = Release;
		};
		EE32D21A189C678C00E2DEA5 /* Build configuration list for PBXNativeTarget "MyMapSearch" */ = {
			isa = XCConfigurationList;
			buildConfigurations = (
				EE32D21B189C678C00E2DEA5 /* Debug */,
				EE32D21C189C678C00E2DEA5 /* Release */,
			);
			defaultConfigurationIsVisible = 0;
			defaultConfigurationName = Release;
		};
		EE32D21D189C678C00E2DEA5 /* Build configuration list for PBXNativeTarget "MyMapSearchTests" */ = {
			isa = XCConfigurationList;
			buildConfigurations = (
				EE32D21E189C678C00E2DEA5 /* Debug */,
				EE32D21F189C678C00E2DEA5 /* Release */,
			);
			defaultConfigurationIsVisible = 0;
			defaultConfigurationName = Release;
		};
/* End XCConfigurationList section */

/* Begin XCVersionGroup section */
		1F504F9718E972C400FE3A72 /* MapDataModel.xcdatamodeld */ = {
			isa = XCVersionGroup;
			children = (
				1F504F9818E972C400FE3A72 /* MapDataModel.xcdatamodel */,
			);
			currentVersion = 1F504F9818E972C400FE3A72 /* MapDataModel.xcdatamodel */;
			path = MapDataModel.xcdatamodeld;
			sourceTree = "<group>";
			versionGroupType = wrapper.xcdatamodel;
		};
		EE32D1F9189C678C00E2DEA5 /* ClassTest.xcdatamodeld */ = {
			isa = XCVersionGroup;
			children = (
				EE32D1FA189C678C00E2DEA5 /* ClassTest.xcdatamodel */,
			);
			currentVersion = EE32D1FA189C678C00E2DEA5 /* ClassTest.xcdatamodel */;
			path = ClassTest.xcdatamodeld;
			sourceTree = "<group>";
			versionGroupType = wrapper.xcdatamodel;
		};
/* End XCVersionGroup section */
	};
	rootObject = EE32D1D7189C678C00E2DEA5 /* Project object */;
}
